
Microsoft Visual Studio Solution File, Format Version 12.00
# Visual Studio Version 17
VisualStudioVersion = 17.8.34330.188
MinimumVisualStudioVersion = 10.0.40219.1
Project("{9A19103F-16F7-4668-BE54-9A1E7A4F7556}") = "EndPoint.Api", "EndPoint.Api\EndPoint.Api.csproj", "{02A7AFB8-63E2-456B-858C-B8C3F19A1912}"
EndProject
Project("{9A19103F-16F7-4668-BE54-9A1E7A4F7556}") = "Domain", "Domain\Domain.csproj", "{FC385BAC-C43D-4680-99B7-BA3BC253848A}"
EndProject
Project("{9A19103F-16F7-4668-BE54-9A1E7A4F7556}") = "Application", "Application\Application.csproj", "{0B8B05C8-311D-440B-9901-9F5C21ABFDE7}"
EndProject
Project("{9A19103F-16F7-4668-BE54-9A1E7A4F7556}") = "Persistance", "Persistance\Persistance.csproj", "{F33CA3B8-265D-48A5-AB7B-C7DBEC556944}"
EndProject
Project("{9A19103F-16F7-4668-BE54-9A1E7A4F7556}") = "Infrastructure", "Infrastructure\Infrastructure.csproj", "{C0EE563E-F219-49BA-B7C2-480F5CA5783D}"
EndProject
Project("{2150E333-8FDC-42A3-9474-1A3956D46DE8}") = "Core", "Core", "{67CBB7E4-67E4-460A-A6F2-F28B971BE904}"
EndProject
Project("{2150E333-8FDC-42A3-9474-1A3956D46DE8}") = "Presentation", "Presentation", "{A9CD0159-FCD9-4009-A698-B4221EE89499}"
EndProject
Project("{2150E333-8FDC-42A3-9474-1A3956D46DE8}") = "Infra", "Infra", "{5DA2A82A-19DD-49BA-8D0F-B6EBF464D9A6}"
EndProject
Project("{2150E333-8FDC-42A3-9474-1A3956D46DE8}") = "Identity", "Identity", "{A0BCE1AE-DD6A-4968-896C-D6BAF8ED1585}"
EndProject
Project("{2150E333-8FDC-42A3-9474-1A3956D46DE8}") = "Shop", "Shop", "{209BDCA0-77CC-4CA7-A8E1-DB50D657F313}"
EndProject
Project("{2150E333-8FDC-42A3-9474-1A3956D46DE8}") = "Core", "Core", "{E28CC70F-D9C2-47F2-BB17-38D8229DD7A0}"
EndProject
Project("{2150E333-8FDC-42A3-9474-1A3956D46DE8}") = "Infra", "Infra", "{BCF875AD-0A25-4B12-9E7E-F975EE3A6C68}"
EndProject
Project("{9A19103F-16F7-4668-BE54-9A1E7A4F7556}") = "Identity.Application", "Identity.Application\Identity.Application.csproj", "{109DA996-B727-4322-A746-D439B93C82B5}"
EndProject
Project("{9A19103F-16F7-4668-BE54-9A1E7A4F7556}") = "Identity.Domain", "Identity.Domain\Identity.Domain.csproj", "{03B001A5-330C-4B3A-A97F-A2391AA1D836}"
EndProject
Project("{9A19103F-16F7-4668-BE54-9A1E7A4F7556}") = "Identity.Infrastructure", "Identity.Infrastructure\Identity.Infrastructure.csproj", "{DCF5A9A8-83A3-4CDD-A540-89C25C9547A1}"
EndProject
Project("{9A19103F-16F7-4668-BE54-9A1E7A4F7556}") = "Identity.Services", "Identity.Services\Identity.Services.csproj", "{3949485C-125E-477B-A240-A467915D5DB9}"
EndProject
Project("{9A19103F-16F7-4668-BE54-9A1E7A4F7556}") = "Identity.Persistance", "Identity.Persistance\Identity.Persistance.csproj", "{456B32A6-704E-478F-8E2D-CAE1C6423633}"
EndProject
Project("{2150E333-8FDC-42A3-9474-1A3956D46DE8}") = "EndPoint", "EndPoint", "{B153F48C-7E0D-4BA5-B07C-6760B914CD2F}"
EndProject
Project("{2150E333-8FDC-42A3-9474-1A3956D46DE8}") = "Presentation", "Presentation", "{10ED3DBD-80BC-4222-95A9-9CE7BC1C45C8}"
EndProject
Project("{9A19103F-16F7-4668-BE54-9A1E7A4F7556}") = "Infrastructure.ACL", "Infrastructure.ACL\Infrastructure.ACL.csproj", "{7121A9AC-4E6A-4393-A527-745EFF5BE55E}"
EndProject
Project("{9A19103F-16F7-4668-BE54-9A1E7A4F7556}") = "Services", "Services\Services.csproj", "{82B22023-2EEB-42EB-A3E7-3A9BDBD79E1C}"
EndProject
Project("{9A19103F-16F7-4668-BE54-9A1E7A4F7556}") = "EndPoint.WebApp", "EndPoint.WebApp\EndPoint.WebApp.csproj", "{D3E5B8A4-C8C0-4523-8058-FBBBD358D74B}"
EndProject
Project("{2150E333-8FDC-42A3-9474-1A3956D46DE8}") = "Blog", "Blog", "{98706311-9C85-4126-AFFE-7B3362A5FB22}"
EndProject
Project("{2150E333-8FDC-42A3-9474-1A3956D46DE8}") = "Core", "Core", "{1158B7FB-5764-4D33-BF02-54B3F2836F82}"
EndProject
Project("{FAE04EC0-301F-11D3-BF4B-00C04F79EFBC}") = "Blog.Domain", "Blog.Domain\Blog.Domain.csproj", "{6BAAF70E-F631-45E0-8077-BC1636099D69}"
EndProject
Global
	GlobalSection(SolutionConfigurationPlatforms) = preSolution
		Debug|Any CPU = Debug|Any CPU
		Release|Any CPU = Release|Any CPU
	EndGlobalSection
	GlobalSection(ProjectConfigurationPlatforms) = postSolution
		{02A7AFB8-63E2-456B-858C-B8C3F19A1912}.Debug|Any CPU.ActiveCfg = Debug|Any CPU
		{02A7AFB8-63E2-456B-858C-B8C3F19A1912}.Debug|Any CPU.Build.0 = Debug|Any CPU
		{02A7AFB8-63E2-456B-858C-B8C3F19A1912}.Release|Any CPU.ActiveCfg = Release|Any CPU
		{02A7AFB8-63E2-456B-858C-B8C3F19A1912}.Release|Any CPU.Build.0 = Release|Any CPU
		{FC385BAC-C43D-4680-99B7-BA3BC253848A}.Debug|Any CPU.ActiveCfg = Debug|Any CPU
		{FC385BAC-C43D-4680-99B7-BA3BC253848A}.Debug|Any CPU.Build.0 = Debug|Any CPU
		{FC385BAC-C43D-4680-99B7-BA3BC253848A}.Release|Any CPU.ActiveCfg = Release|Any CPU
		{FC385BAC-C43D-4680-99B7-BA3BC253848A}.Release|Any CPU.Build.0 = Release|Any CPU
		{0B8B05C8-311D-440B-9901-9F5C21ABFDE7}.Debug|Any CPU.ActiveCfg = Debug|Any CPU
		{0B8B05C8-311D-440B-9901-9F5C21ABFDE7}.Debug|Any CPU.Build.0 = Debug|Any CPU
		{0B8B05C8-311D-440B-9901-9F5C21ABFDE7}.Release|Any CPU.ActiveCfg = Release|Any CPU
		{0B8B05C8-311D-440B-9901-9F5C21ABFDE7}.Release|Any CPU.Build.0 = Release|Any CPU
		{F33CA3B8-265D-48A5-AB7B-C7DBEC556944}.Debug|Any CPU.ActiveCfg = Debug|Any CPU
		{F33CA3B8-265D-48A5-AB7B-C7DBEC556944}.Debug|Any CPU.Build.0 = Debug|Any CPU
		{F33CA3B8-265D-48A5-AB7B-C7DBEC556944}.Release|Any CPU.ActiveCfg = Release|Any CPU
		{F33CA3B8-265D-48A5-AB7B-C7DBEC556944}.Release|Any CPU.Build.0 = Release|Any CPU
		{C0EE563E-F219-49BA-B7C2-480F5CA5783D}.Debug|Any CPU.ActiveCfg = Debug|Any CPU
		{C0EE563E-F219-49BA-B7C2-480F5CA5783D}.Debug|Any CPU.Build.0 = Debug|Any CPU
		{C0EE563E-F219-49BA-B7C2-480F5CA5783D}.Release|Any CPU.ActiveCfg = Release|Any CPU
		{C0EE563E-F219-49BA-B7C2-480F5CA5783D}.Release|Any CPU.Build.0 = Release|Any CPU
		{109DA996-B727-4322-A746-D439B93C82B5}.Debug|Any CPU.ActiveCfg = Debug|Any CPU
		{109DA996-B727-4322-A746-D439B93C82B5}.Debug|Any CPU.Build.0 = Debug|Any CPU
		{109DA996-B727-4322-A746-D439B93C82B5}.Release|Any CPU.ActiveCfg = Release|Any CPU
		{109DA996-B727-4322-A746-D439B93C82B5}.Release|Any CPU.Build.0 = Release|Any CPU
		{03B001A5-330C-4B3A-A97F-A2391AA1D836}.Debug|Any CPU.ActiveCfg = Debug|Any CPU
		{03B001A5-330C-4B3A-A97F-A2391AA1D836}.Debug|Any CPU.Build.0 = Debug|Any CPU
		{03B001A5-330C-4B3A-A97F-A2391AA1D836}.Release|Any CPU.ActiveCfg = Release|Any CPU
		{03B001A5-330C-4B3A-A97F-A2391AA1D836}.Release|Any CPU.Build.0 = Release|Any CPU
		{DCF5A9A8-83A3-4CDD-A540-89C25C9547A1}.Debug|Any CPU.ActiveCfg = Debug|Any CPU
		{DCF5A9A8-83A3-4CDD-A540-89C25C9547A1}.Debug|Any CPU.Build.0 = Debug|Any CPU
		{DCF5A9A8-83A3-4CDD-A540-89C25C9547A1}.Release|Any CPU.ActiveCfg = Release|Any CPU
		{DCF5A9A8-83A3-4CDD-A540-89C25C9547A1}.Release|Any CPU.Build.0 = Release|Any CPU
		{3949485C-125E-477B-A240-A467915D5DB9}.Debug|Any CPU.ActiveCfg = Debug|Any CPU
		{3949485C-125E-477B-A240-A467915D5DB9}.Debug|Any CPU.Build.0 = Debug|Any CPU
		{3949485C-125E-477B-A240-A467915D5DB9}.Release|Any CPU.ActiveCfg = Release|Any CPU
		{3949485C-125E-477B-A240-A467915D5DB9}.Release|Any CPU.Build.0 = Release|Any CPU
		{456B32A6-704E-478F-8E2D-CAE1C6423633}.Debug|Any CPU.ActiveCfg = Debug|Any CPU
		{456B32A6-704E-478F-8E2D-CAE1C6423633}.Debug|Any CPU.Build.0 = Debug|Any CPU
		{456B32A6-704E-478F-8E2D-CAE1C6423633}.Release|Any CPU.ActiveCfg = Release|Any CPU
		{456B32A6-704E-478F-8E2D-CAE1C6423633}.Release|Any CPU.Build.0 = Release|Any CPU
		{7121A9AC-4E6A-4393-A527-745EFF5BE55E}.Debug|Any CPU.ActiveCfg = Debug|Any CPU
		{7121A9AC-4E6A-4393-A527-745EFF5BE55E}.Debug|Any CPU.Build.0 = Debug|Any CPU
		{7121A9AC-4E6A-4393-A527-745EFF5BE55E}.Release|Any CPU.ActiveCfg = Release|Any CPU
		{7121A9AC-4E6A-4393-A527-745EFF5BE55E}.Release|Any CPU.Build.0 = Release|Any CPU
		{82B22023-2EEB-42EB-A3E7-3A9BDBD79E1C}.Debug|Any CPU.ActiveCfg = Debug|Any CPU
		{82B22023-2EEB-42EB-A3E7-3A9BDBD79E1C}.Debug|Any CPU.Build.0 = Debug|Any CPU
		{82B22023-2EEB-42EB-A3E7-3A9BDBD79E1C}.Release|Any CPU.ActiveCfg = Release|Any CPU
		{82B22023-2EEB-42EB-A3E7-3A9BDBD79E1C}.Release|Any CPU.Build.0 = Release|Any CPU
		{D3E5B8A4-C8C0-4523-8058-FBBBD358D74B}.Debug|Any CPU.ActiveCfg = Debug|Any CPU
		{D3E5B8A4-C8C0-4523-8058-FBBBD358D74B}.Debug|Any CPU.Build.0 = Debug|Any CPU
		{D3E5B8A4-C8C0-4523-8058-FBBBD358D74B}.Release|Any CPU.ActiveCfg = Release|Any CPU
		{D3E5B8A4-C8C0-4523-8058-FBBBD358D74B}.Release|Any CPU.Build.0 = Release|Any CPU
		{6BAAF70E-F631-45E0-8077-BC1636099D69}.Debug|Any CPU.ActiveCfg = Debug|Any CPU
		{6BAAF70E-F631-45E0-8077-BC1636099D69}.Debug|Any CPU.Build.0 = Debug|Any CPU
		{6BAAF70E-F631-45E0-8077-BC1636099D69}.Release|Any CPU.ActiveCfg = Release|Any CPU
		{6BAAF70E-F631-45E0-8077-BC1636099D69}.Release|Any CPU.Build.0 = Release|Any CPU
	EndGlobalSection
	GlobalSection(SolutionProperties) = preSolution
		HideSolutionNode = FALSE
	EndGlobalSection
	GlobalSection(NestedProjects) = preSolution
		{02A7AFB8-63E2-456B-858C-B8C3F19A1912} = {B153F48C-7E0D-4BA5-B07C-6760B914CD2F}
		{FC385BAC-C43D-4680-99B7-BA3BC253848A} = {67CBB7E4-67E4-460A-A6F2-F28B971BE904}
		{0B8B05C8-311D-440B-9901-9F5C21ABFDE7} = {67CBB7E4-67E4-460A-A6F2-F28B971BE904}
		{F33CA3B8-265D-48A5-AB7B-C7DBEC556944} = {5DA2A82A-19DD-49BA-8D0F-B6EBF464D9A6}
		{C0EE563E-F219-49BA-B7C2-480F5CA5783D} = {5DA2A82A-19DD-49BA-8D0F-B6EBF464D9A6}
		{67CBB7E4-67E4-460A-A6F2-F28B971BE904} = {209BDCA0-77CC-4CA7-A8E1-DB50D657F313}
		{A9CD0159-FCD9-4009-A698-B4221EE89499} = {209BDCA0-77CC-4CA7-A8E1-DB50D657F313}
		{5DA2A82A-19DD-49BA-8D0F-B6EBF464D9A6} = {209BDCA0-77CC-4CA7-A8E1-DB50D657F313}
		{E28CC70F-D9C2-47F2-BB17-38D8229DD7A0} = {A0BCE1AE-DD6A-4968-896C-D6BAF8ED1585}
		{BCF875AD-0A25-4B12-9E7E-F975EE3A6C68} = {A0BCE1AE-DD6A-4968-896C-D6BAF8ED1585}
		{109DA996-B727-4322-A746-D439B93C82B5} = {E28CC70F-D9C2-47F2-BB17-38D8229DD7A0}
		{03B001A5-330C-4B3A-A97F-A2391AA1D836} = {E28CC70F-D9C2-47F2-BB17-38D8229DD7A0}
		{DCF5A9A8-83A3-4CDD-A540-89C25C9547A1} = {BCF875AD-0A25-4B12-9E7E-F975EE3A6C68}
		{3949485C-125E-477B-A240-A467915D5DB9} = {BCF875AD-0A25-4B12-9E7E-F975EE3A6C68}
		{456B32A6-704E-478F-8E2D-CAE1C6423633} = {BCF875AD-0A25-4B12-9E7E-F975EE3A6C68}
		{10ED3DBD-80BC-4222-95A9-9CE7BC1C45C8} = {A0BCE1AE-DD6A-4968-896C-D6BAF8ED1585}
		{7121A9AC-4E6A-4393-A527-745EFF5BE55E} = {5DA2A82A-19DD-49BA-8D0F-B6EBF464D9A6}
		{82B22023-2EEB-42EB-A3E7-3A9BDBD79E1C} = {5DA2A82A-19DD-49BA-8D0F-B6EBF464D9A6}
		{D3E5B8A4-C8C0-4523-8058-FBBBD358D74B} = {B153F48C-7E0D-4BA5-B07C-6760B914CD2F}
		{1158B7FB-5764-4D33-BF02-54B3F2836F82} = {98706311-9C85-4126-AFFE-7B3362A5FB22}
		{6BAAF70E-F631-45E0-8077-BC1636099D69} = {1158B7FB-5764-4D33-BF02-54B3F2836F82}
	EndGlobalSection
	GlobalSection(ExtensibilityGlobals) = postSolution
		SolutionGuid = {D7DC3621-0F57-4A11-936F-1020B4D71BB0}
	EndGlobalSection
EndGlobal
