
Microsoft Visual Studio Solution File, Format Version 12.00
# Visual Studio Version 17
VisualStudioVersion = 17.8.34330.188
MinimumVisualStudioVersion = 10.0.40219.1
Project("{FAE04EC0-301F-11D3-BF4B-00C04F79EFBC}") = "EndPoint.Api", "EndPoint.Api\EndPoint.Api.csproj", "{02A7AFB8-63E2-456B-858C-B8C3F19A1912}"
EndProject
Project("{9A19103F-16F7-4668-BE54-9A1E7A4F7556}") = "Domain", "Domain\Domain.csproj", "{FC385BAC-C43D-4680-99B7-BA3BC253848A}"
EndProject
Project("{9A19103F-16F7-4668-BE54-9A1E7A4F7556}") = "Application", "Application\Application.csproj", "{0B8B05C8-311D-440B-9901-9F5C21ABFDE7}"
EndProject
Project("{9A19103F-16F7-4668-BE54-9A1E7A4F7556}") = "Persistance", "Persistance\Persistance.csproj", "{F33CA3B8-265D-48A5-AB7B-C7DBEC556944}"
EndProject
Project("{9A19103F-16F7-4668-BE54-9A1E7A4F7556}") = "Infrastructure", "Infrastructure\Infrastructure.csproj", "{C0EE563E-F219-49BA-B7C2-480F5CA5783D}"
EndProject
Project("{2150E333-8FDC-42A3-9474-1A3956D46DE8}") = "Core", "Core", "{67CBB7E4-67E4-460A-A6F2-F28B971BE904}"
EndProject
Project("{2150E333-8FDC-42A3-9474-1A3956D46DE8}") = "Presentation", "Presentation", "{A9CD0159-FCD9-4009-A698-B4221EE89499}"
EndProject
Project("{2150E333-8FDC-42A3-9474-1A3956D46DE8}") = "Infra", "Infra", "{5DA2A82A-19DD-49BA-8D0F-B6EBF464D9A6}"
EndProject
Global
	GlobalSection(SolutionConfigurationPlatforms) = preSolution
		Debug|Any CPU = Debug|Any CPU
		Release|Any CPU = Release|Any CPU
	EndGlobalSection
	GlobalSection(ProjectConfigurationPlatforms) = postSolution
		{02A7AFB8-63E2-456B-858C-B8C3F19A1912}.Debug|Any CPU.ActiveCfg = Debug|Any CPU
		{02A7AFB8-63E2-456B-858C-B8C3F19A1912}.Debug|Any CPU.Build.0 = Debug|Any CPU
		{02A7AFB8-63E2-456B-858C-B8C3F19A1912}.Release|Any CPU.ActiveCfg = Release|Any CPU
		{02A7AFB8-63E2-456B-858C-B8C3F19A1912}.Release|Any CPU.Build.0 = Release|Any CPU
		{FC385BAC-C43D-4680-99B7-BA3BC253848A}.Debug|Any CPU.ActiveCfg = Debug|Any CPU
		{FC385BAC-C43D-4680-99B7-BA3BC253848A}.Debug|Any CPU.Build.0 = Debug|Any CPU
		{FC385BAC-C43D-4680-99B7-BA3BC253848A}.Release|Any CPU.ActiveCfg = Release|Any CPU
		{FC385BAC-C43D-4680-99B7-BA3BC253848A}.Release|Any CPU.Build.0 = Release|Any CPU
		{0B8B05C8-311D-440B-9901-9F5C21ABFDE7}.Debug|Any CPU.ActiveCfg = Debug|Any CPU
		{0B8B05C8-311D-440B-9901-9F5C21ABFDE7}.Debug|Any CPU.Build.0 = Debug|Any CPU
		{0B8B05C8-311D-440B-9901-9F5C21ABFDE7}.Release|Any CPU.ActiveCfg = Release|Any CPU
		{0B8B05C8-311D-440B-9901-9F5C21ABFDE7}.Release|Any CPU.Build.0 = Release|Any CPU
		{F33CA3B8-265D-48A5-AB7B-C7DBEC556944}.Debug|Any CPU.ActiveCfg = Debug|Any CPU
		{F33CA3B8-265D-48A5-AB7B-C7DBEC556944}.Debug|Any CPU.Build.0 = Debug|Any CPU
		{F33CA3B8-265D-48A5-AB7B-C7DBEC556944}.Release|Any CPU.ActiveCfg = Release|Any CPU
		{F33CA3B8-265D-48A5-AB7B-C7DBEC556944}.Release|Any CPU.Build.0 = Release|Any CPU
		{C0EE563E-F219-49BA-B7C2-480F5CA5783D}.Debug|Any CPU.ActiveCfg = Debug|Any CPU
		{C0EE563E-F219-49BA-B7C2-480F5CA5783D}.Debug|Any CPU.Build.0 = Debug|Any CPU
		{C0EE563E-F219-49BA-B7C2-480F5CA5783D}.Release|Any CPU.ActiveCfg = Release|Any CPU
		{C0EE563E-F219-49BA-B7C2-480F5CA5783D}.Release|Any CPU.Build.0 = Release|Any CPU
	EndGlobalSection
	GlobalSection(SolutionProperties) = preSolution
		HideSolutionNode = FALSE
	EndGlobalSection
	GlobalSection(NestedProjects) = preSolution
		{02A7AFB8-63E2-456B-858C-B8C3F19A1912} = {A9CD0159-FCD9-4009-A698-B4221EE89499}
		{FC385BAC-C43D-4680-99B7-BA3BC253848A} = {67CBB7E4-67E4-460A-A6F2-F28B971BE904}
		{0B8B05C8-311D-440B-9901-9F5C21ABFDE7} = {67CBB7E4-67E4-460A-A6F2-F28B971BE904}
		{F33CA3B8-265D-48A5-AB7B-C7DBEC556944} = {5DA2A82A-19DD-49BA-8D0F-B6EBF464D9A6}
		{C0EE563E-F219-49BA-B7C2-480F5CA5783D} = {5DA2A82A-19DD-49BA-8D0F-B6EBF464D9A6}
	EndGlobalSection
	GlobalSection(ExtensibilityGlobals) = postSolution
		SolutionGuid = {D7DC3621-0F57-4A11-936F-1020B4D71BB0}
	EndGlobalSection
EndGlobal
