
Microsoft Visual Studio Solution File, Format Version 12.00
# Visual Studio Version 17
VisualStudioVersion = 17.8.34330.188
MinimumVisualStudioVersion = 10.0.40219.1
Project("{FAE04EC0-301F-11D3-BF4B-00C04F79EFBC}") = "EndPoint.Api", "EndPoint.Api\EndPoint.Api.csproj", "{02A7AFB8-63E2-456B-858C-B8C3F19A1912}"
EndProject
Project("{9A19103F-16F7-4668-BE54-9A1E7A4F7556}") = "Domain", "Domain\Domain.csproj", "{FC385BAC-C43D-4680-99B7-BA3BC253848A}"
EndProject
Project("{9A19103F-16F7-4668-BE54-9A1E7A4F7556}") = "Application", "Application\Application.csproj", "{0B8B05C8-311D-440B-9901-9F5C21ABFDE7}"
EndProject
Project("{9A19103F-16F7-4668-BE54-9A1E7A4F7556}") = "Persistance", "Persistance\Persistance.csproj", "{F33CA3B8-265D-48A5-AB7B-C7DBEC556944}"
EndProject
Global
	GlobalSection(SolutionConfigurationPlatforms) = preSolution
		Debug|Any CPU = Debug|Any CPU
		Release|Any CPU = Release|Any CPU
	EndGlobalSection
	GlobalSection(ProjectConfigurationPlatforms) = postSolution
		{02A7AFB8-63E2-456B-858C-B8C3F19A1912}.Debug|Any CPU.ActiveCfg = Debug|Any CPU
		{02A7AFB8-63E2-456B-858C-B8C3F19A1912}.Debug|Any CPU.Build.0 = Debug|Any CPU
		{02A7AFB8-63E2-456B-858C-B8C3F19A1912}.Release|Any CPU.ActiveCfg = Release|Any CPU
		{02A7AFB8-63E2-456B-858C-B8C3F19A1912}.Release|Any CPU.Build.0 = Release|Any CPU
		{FC385BAC-C43D-4680-99B7-BA3BC253848A}.Debug|Any CPU.ActiveCfg = Debug|Any CPU
		{FC385BAC-C43D-4680-99B7-BA3BC253848A}.Debug|Any CPU.Build.0 = Debug|Any CPU
		{FC385BAC-C43D-4680-99B7-BA3BC253848A}.Release|Any CPU.ActiveCfg = Release|Any CPU
		{FC385BAC-C43D-4680-99B7-BA3BC253848A}.Release|Any CPU.Build.0 = Release|Any CPU
		{0B8B05C8-311D-440B-9901-9F5C21ABFDE7}.Debug|Any CPU.ActiveCfg = Debug|Any CPU
		{0B8B05C8-311D-440B-9901-9F5C21ABFDE7}.Debug|Any CPU.Build.0 = Debug|Any CPU
		{0B8B05C8-311D-440B-9901-9F5C21ABFDE7}.Release|Any CPU.ActiveCfg = Release|Any CPU
		{0B8B05C8-311D-440B-9901-9F5C21ABFDE7}.Release|Any CPU.Build.0 = Release|Any CPU
		{F33CA3B8-265D-48A5-AB7B-C7DBEC556944}.Debug|Any CPU.ActiveCfg = Debug|Any CPU
		{F33CA3B8-265D-48A5-AB7B-C7DBEC556944}.Debug|Any CPU.Build.0 = Debug|Any CPU
		{F33CA3B8-265D-48A5-AB7B-C7DBEC556944}.Release|Any CPU.ActiveCfg = Release|Any CPU
		{F33CA3B8-265D-48A5-AB7B-C7DBEC556944}.Release|Any CPU.Build.0 = Release|Any CPU
	EndGlobalSection
	GlobalSection(SolutionProperties) = preSolution
		HideSolutionNode = FALSE
	EndGlobalSection
	GlobalSection(ExtensibilityGlobals) = postSolution
		SolutionGuid = {D7DC3621-0F57-4A11-936F-1020B4D71BB0}
	EndGlobalSection
EndGlobal
